
Microsoft Visual Studio Solution File, Format Version 12.00
# Visual Studio Version 16
VisualStudioVersion = 16.0.30804.86
MinimumVisualStudioVersion = 10.0.40219.1
Project("{9A19103F-16F7-4668-BE54-9A1E7A4F7556}") = "Hahn.ApplicatonProcess.December2020.Web", "Hahn.ApplicatonProcess.December2020.Web\Hahn.ApplicatonProcess.December2020.Web.csproj", "{E7481068-30B0-4EF2-9182-9EEF9F21DC1C}"
EndProject
Project("{FAE04EC0-301F-11D3-BF4B-00C04F79EFBC}") = "Hahn.ApplicatonProcess.December2020.Data", "Hahn.ApplicatonProcess.December2020.Data\Hahn.ApplicatonProcess.December2020.Data.csproj", "{009B4CCD-0333-43D1-8A03-081C90B15DC1}"
EndProject
Project("{FAE04EC0-301F-11D3-BF4B-00C04F79EFBC}") = "Hahn.ApplicatonProcess.December2020.Domain", "Hahn.ApplicatonProcess.December2020.Domain\Hahn.ApplicatonProcess.December2020.Domain.csproj", "{F4886381-FEE3-46C5-8641-70253B709A2A}"
EndProject
Global
	GlobalSection(SolutionConfigurationPlatforms) = preSolution
		Debug|Any CPU = Debug|Any CPU
		Release|Any CPU = Release|Any CPU
	EndGlobalSection
	GlobalSection(ProjectConfigurationPlatforms) = postSolution
		{E7481068-30B0-4EF2-9182-9EEF9F21DC1C}.Debug|Any CPU.ActiveCfg = Debug|Any CPU
		{E7481068-30B0-4EF2-9182-9EEF9F21DC1C}.Debug|Any CPU.Build.0 = Debug|Any CPU
		{E7481068-30B0-4EF2-9182-9EEF9F21DC1C}.Release|Any CPU.ActiveCfg = Release|Any CPU
		{E7481068-30B0-4EF2-9182-9EEF9F21DC1C}.Release|Any CPU.Build.0 = Release|Any CPU
		{009B4CCD-0333-43D1-8A03-081C90B15DC1}.Debug|Any CPU.ActiveCfg = Debug|Any CPU
		{009B4CCD-0333-43D1-8A03-081C90B15DC1}.Debug|Any CPU.Build.0 = Debug|Any CPU
		{009B4CCD-0333-43D1-8A03-081C90B15DC1}.Release|Any CPU.ActiveCfg = Release|Any CPU
		{009B4CCD-0333-43D1-8A03-081C90B15DC1}.Release|Any CPU.Build.0 = Release|Any CPU
		{F4886381-FEE3-46C5-8641-70253B709A2A}.Debug|Any CPU.ActiveCfg = Debug|Any CPU
		{F4886381-FEE3-46C5-8641-70253B709A2A}.Debug|Any CPU.Build.0 = Debug|Any CPU
		{F4886381-FEE3-46C5-8641-70253B709A2A}.Release|Any CPU.ActiveCfg = Release|Any CPU
		{F4886381-FEE3-46C5-8641-70253B709A2A}.Release|Any CPU.Build.0 = Release|Any CPU
	EndGlobalSection
	GlobalSection(SolutionProperties) = preSolution
		HideSolutionNode = FALSE
	EndGlobalSection
	GlobalSection(ExtensibilityGlobals) = postSolution
		SolutionGuid = {DF443FA4-D6EA-4028-9631-04A2063B4B60}
	EndGlobalSection
EndGlobal
